
Microsoft Visual Studio Solution File, Format Version 12.00
# Visual Studio Version 17
VisualStudioVersion = 17.0.32112.339
MinimumVisualStudioVersion = 15.0.26124.0
Project("{8BC9CEB8-8B4A-11D0-8D11-00A0C91BC942}") = "OpenTelemetry.AutoInstrumentation.Native", "src\OpenTelemetry.AutoInstrumentation.Native\OpenTelemetry.AutoInstrumentation.Native.vcxproj", "{91B6272F-5780-4C94-8071-DBBA7B4F67F3}"
	ProjectSection(ProjectDependencies) = postProject
		{AB8596C1-CFDA-4A5E-9E9C-74A3DF9AED77} = {AB8596C1-CFDA-4A5E-9E9C-74A3DF9AED77}
	EndProjectSection
EndProject
Project("{8BC9CEB8-8B4A-11D0-8D11-00A0C91BC942}") = "OpenTelemetry.AutoInstrumentation.Native.DLL", "src\OpenTelemetry.AutoInstrumentation.Native\OpenTelemetry.AutoInstrumentation.Native.DLL.vcxproj", "{C0C8D381-D6B9-4C76-9428-F40F2FA93A9A}"
	ProjectSection(ProjectDependencies) = postProject
		{AB8596C1-CFDA-4A5E-9E9C-74A3DF9AED77} = {AB8596C1-CFDA-4A5E-9E9C-74A3DF9AED77}
	EndProjectSection
EndProject
Project("{2150E333-8FDC-42A3-9474-1A3956D46DE8}") = "Solution Items", "Solution Items", "{FEBCE7DC-9FD1-48A6-B911-71ABB240A030}"
	ProjectSection(SolutionItems) = preProject
		.dockerignore = .dockerignore
		.editorconfig = .editorconfig
		.gitattributes = .gitattributes
		.gitignore = .gitignore
		build.cmd = build.cmd
		build.ps1 = build.ps1
		build.sh = build.sh
		CHANGELOG.md = CHANGELOG.md
		Common.props = Common.props
		Common.targets = Common.targets
		Directory.Build.props = Directory.Build.props
		Directory.Packages.props = Directory.Packages.props
		GlobalSuppressions.cs = GlobalSuppressions.cs
		LICENSE = LICENSE
		docs\README.md = docs\README.md
		stylecop.json = stylecop.json
	EndProjectSection
EndProject
Project("{2150E333-8FDC-42A3-9474-1A3956D46DE8}") = "src", "src", "{9E5F0022-0A50-40BF-AC6A-C3078585ECAB}"
	ProjectSection(SolutionItems) = preProject
		src\CommonExcludedAssets.props = src\CommonExcludedAssets.props
		src\Directory.Build.props = src\Directory.Build.props
		src\Directory.Packages.props = src\Directory.Packages.props
		src\GlobalSuppressions.cs = src\GlobalSuppressions.cs
	EndProjectSection
EndProject
Project("{9A19103F-16F7-4668-BE54-9A1E7A4F7556}") = "OpenTelemetry.AutoInstrumentation.BuildTasks", "src\OpenTelemetry.AutoInstrumentation.BuildTasks\OpenTelemetry.AutoInstrumentation.BuildTasks.csproj", "{12A213FD-12A3-406C-8284-E7EA0B180428}"
EndProject
Project("{9A19103F-16F7-4668-BE54-9A1E7A4F7556}") = "OpenTelemetry.AutoInstrumentation.Loader", "src\OpenTelemetry.AutoInstrumentation.Loader\OpenTelemetry.AutoInstrumentation.Loader.csproj", "{AB8596C1-CFDA-4A5E-9E9C-74A3DF9AED77}"
EndProject
Project("{2150E333-8FDC-42A3-9474-1A3956D46DE8}") = "examples", "examples", "{BAF8F246-3645-42AD-B1D0-0F7EAFBAB34A}"
EndProject
Project("{9A19103F-16F7-4668-BE54-9A1E7A4F7556}") = "OpenTelemetry.AutoInstrumentation", "src\OpenTelemetry.AutoInstrumentation\OpenTelemetry.AutoInstrumentation.csproj", "{6690361C-CCD8-42C4-A5CF-82D554B03A3D}"
EndProject
Project("{2150E333-8FDC-42A3-9474-1A3956D46DE8}") = "build", "build", "{36004B32-55EB-4591-B6D2-B99DE373D0B8}"
EndProject
Project("{9A19103F-16F7-4668-BE54-9A1E7A4F7556}") = "_build", "build\_build.csproj", "{4DDEEB10-A6B5-4A46-96C1-1B7276B61E08}"
EndProject
Project("{9A19103F-16F7-4668-BE54-9A1E7A4F7556}") = "OpenTelemetry.AutoInstrumentation.StartupHook", "src\OpenTelemetry.AutoInstrumentation.StartupHook\OpenTelemetry.AutoInstrumentation.StartupHook.csproj", "{E04DA938-E153-4A0D-9CB0-EAC38210FAF2}"
EndProject
Project("{9A19103F-16F7-4668-BE54-9A1E7A4F7556}") = "OpenTelemetry.AutoInstrumentation.AdditionalDeps", "src\OpenTelemetry.AutoInstrumentation.AdditionalDeps\OpenTelemetry.AutoInstrumentation.AdditionalDeps.csproj", "{E026D9FA-FBD5-4066-AF6A-FB63DE28521F}"
EndProject
Project("{9A19103F-16F7-4668-BE54-9A1E7A4F7556}") = "OpenTelemetry.AutoInstrumentation.AspNetCoreBootstrapper", "src\OpenTelemetry.AutoInstrumentation.AspNetCoreBootstrapper\OpenTelemetry.AutoInstrumentation.AspNetCoreBootstrapper.csproj", "{C1AEDAE0-6629-4C88-AB35-AB5B81FD50F6}"
EndProject
Project("{2150E333-8FDC-42A3-9474-1A3956D46DE8}") = "tools", "tools", "{00F4C92D-6652-4BD8-A334-B35D3E711BE6}"
	ProjectSection(SolutionItems) = preProject
		tools\Directory.Build.targets = tools\Directory.Build.targets
		tools\Directory.Packages.props = tools\Directory.Packages.props
	EndProjectSection
EndProject
Project("{9A19103F-16F7-4668-BE54-9A1E7A4F7556}") = "Examples.Client", "examples\demo\Client\Examples.Client.csproj", "{6FCD22A7-E6DD-4452-8B0B-95A4D726AFA8}"
EndProject
Project("{9A19103F-16F7-4668-BE54-9A1E7A4F7556}") = "Examples.Service", "examples\demo\Service\Examples.Service.csproj", "{8BBF3519-CE93-4213-9AA0-8F5DEF3C50B2}"
EndProject
Project("{9A19103F-16F7-4668-BE54-9A1E7A4F7556}") = "Examples.AspNetCoreMvc", "examples\playground\AspNetCoreMvc\Examples.AspNetCoreMvc.csproj", "{ACEB118B-767E-459F-AFD3-A52ED4ED08C6}"
EndProject
Project("{9A19103F-16F7-4668-BE54-9A1E7A4F7556}") = "DependencyListGenerator", "tools\DependencyListGenerator\DependencyListGenerator.csproj", "{D6181786-C7F1-400D-A678-8DC300485429}"
EndProject
Project("{9A19103F-16F7-4668-BE54-9A1E7A4F7556}") = "GacInstallTool", "tools\GacInstallTool\GacInstallTool.csproj", "{6A63DAA1-463A-4F7E-B3FF-3B444F161DBD}"
EndProject
Project("{9A19103F-16F7-4668-BE54-9A1E7A4F7556}") = "LibraryVersionsGenerator", "tools\LibraryVersionsGenerator\LibraryVersionsGenerator.csproj", "{119F5BAD-6A58-40EA-8E0A-666CADE3CAF8}"
EndProject
Project("{2150E333-8FDC-42A3-9474-1A3956D46DE8}") = "nuget", "nuget", "{98868FAF-0854-4E66-8306-3EFA7F2E9A45}"
	ProjectSection(SolutionItems) = preProject
		nuget\OpenTelemetry.AutoInstrumentation\OpenTelemetry.AutoInstrumentation.nuspec = nuget\OpenTelemetry.AutoInstrumentation\OpenTelemetry.AutoInstrumentation.nuspec
		nuget\OpenTelemetry.AutoInstrumentation.Runtime.Native\OpenTelemetry.AutoInstrumentation.Runtime.Native.nuspec = nuget\OpenTelemetry.AutoInstrumentation.Runtime.Native\OpenTelemetry.AutoInstrumentation.Runtime.Native.nuspec
	EndProjectSection
EndProject
Project("{9A19103F-16F7-4668-BE54-9A1E7A4F7556}") = "SourceGenerators", "src\SourceGenerators\SourceGenerators.csproj", "{28FCC3BC-A609-4400-9831-03741A24A89C}"
EndProject
Global
	GlobalSection(SolutionConfigurationPlatforms) = preSolution
		Debug|Any CPU = Debug|Any CPU
		Debug|x64 = Debug|x64
		Debug|x86 = Debug|x86
		Release|Any CPU = Release|Any CPU
		Release|x64 = Release|x64
		Release|x86 = Release|x86
	EndGlobalSection
	GlobalSection(ProjectConfigurationPlatforms) = postSolution
		{91B6272F-5780-4C94-8071-DBBA7B4F67F3}.Debug|Any CPU.ActiveCfg = Debug|x64
		{91B6272F-5780-4C94-8071-DBBA7B4F67F3}.Debug|Any CPU.Build.0 = Debug|x64
		{91B6272F-5780-4C94-8071-DBBA7B4F67F3}.Debug|x64.ActiveCfg = Debug|x64
		{91B6272F-5780-4C94-8071-DBBA7B4F67F3}.Debug|x64.Build.0 = Debug|x64
		{91B6272F-5780-4C94-8071-DBBA7B4F67F3}.Debug|x86.ActiveCfg = Debug|Win32
		{91B6272F-5780-4C94-8071-DBBA7B4F67F3}.Debug|x86.Build.0 = Debug|Win32
		{91B6272F-5780-4C94-8071-DBBA7B4F67F3}.Release|Any CPU.ActiveCfg = Release|Win32
		{91B6272F-5780-4C94-8071-DBBA7B4F67F3}.Release|Any CPU.Build.0 = Release|Win32
		{91B6272F-5780-4C94-8071-DBBA7B4F67F3}.Release|x64.ActiveCfg = Release|x64
		{91B6272F-5780-4C94-8071-DBBA7B4F67F3}.Release|x64.Build.0 = Release|x64
		{91B6272F-5780-4C94-8071-DBBA7B4F67F3}.Release|x86.ActiveCfg = Release|Win32
		{91B6272F-5780-4C94-8071-DBBA7B4F67F3}.Release|x86.Build.0 = Release|Win32
		{C0C8D381-D6B9-4C76-9428-F40F2FA93A9A}.Debug|Any CPU.ActiveCfg = Debug|x64
		{C0C8D381-D6B9-4C76-9428-F40F2FA93A9A}.Debug|Any CPU.Build.0 = Debug|x64
		{C0C8D381-D6B9-4C76-9428-F40F2FA93A9A}.Debug|x64.ActiveCfg = Debug|x64
		{C0C8D381-D6B9-4C76-9428-F40F2FA93A9A}.Debug|x64.Build.0 = Debug|x64
		{C0C8D381-D6B9-4C76-9428-F40F2FA93A9A}.Debug|x86.ActiveCfg = Debug|Win32
		{C0C8D381-D6B9-4C76-9428-F40F2FA93A9A}.Debug|x86.Build.0 = Debug|Win32
		{C0C8D381-D6B9-4C76-9428-F40F2FA93A9A}.Release|Any CPU.ActiveCfg = Release|Win32
		{C0C8D381-D6B9-4C76-9428-F40F2FA93A9A}.Release|Any CPU.Build.0 = Release|Win32
		{C0C8D381-D6B9-4C76-9428-F40F2FA93A9A}.Release|x64.ActiveCfg = Release|x64
		{C0C8D381-D6B9-4C76-9428-F40F2FA93A9A}.Release|x64.Build.0 = Release|x64
		{C0C8D381-D6B9-4C76-9428-F40F2FA93A9A}.Release|x86.ActiveCfg = Release|Win32
		{C0C8D381-D6B9-4C76-9428-F40F2FA93A9A}.Release|x86.Build.0 = Release|Win32
		{12A213FD-12A3-406C-8284-E7EA0B180428}.Debug|Any CPU.ActiveCfg = Debug|Any CPU
		{12A213FD-12A3-406C-8284-E7EA0B180428}.Debug|Any CPU.Build.0 = Debug|Any CPU
		{12A213FD-12A3-406C-8284-E7EA0B180428}.Debug|x64.ActiveCfg = Debug|Any CPU
		{12A213FD-12A3-406C-8284-E7EA0B180428}.Debug|x64.Build.0 = Debug|Any CPU
		{12A213FD-12A3-406C-8284-E7EA0B180428}.Debug|x86.ActiveCfg = Debug|Any CPU
		{12A213FD-12A3-406C-8284-E7EA0B180428}.Debug|x86.Build.0 = Debug|Any CPU
		{12A213FD-12A3-406C-8284-E7EA0B180428}.Release|Any CPU.ActiveCfg = Release|Any CPU
		{12A213FD-12A3-406C-8284-E7EA0B180428}.Release|Any CPU.Build.0 = Release|Any CPU
		{12A213FD-12A3-406C-8284-E7EA0B180428}.Release|x64.ActiveCfg = Release|Any CPU
		{12A213FD-12A3-406C-8284-E7EA0B180428}.Release|x64.Build.0 = Release|Any CPU
		{12A213FD-12A3-406C-8284-E7EA0B180428}.Release|x86.ActiveCfg = Release|Any CPU
		{12A213FD-12A3-406C-8284-E7EA0B180428}.Release|x86.Build.0 = Release|Any CPU
		{AB8596C1-CFDA-4A5E-9E9C-74A3DF9AED77}.Debug|Any CPU.ActiveCfg = Debug|Any CPU
		{AB8596C1-CFDA-4A5E-9E9C-74A3DF9AED77}.Debug|Any CPU.Build.0 = Debug|Any CPU
		{AB8596C1-CFDA-4A5E-9E9C-74A3DF9AED77}.Debug|x64.ActiveCfg = Debug|Any CPU
		{AB8596C1-CFDA-4A5E-9E9C-74A3DF9AED77}.Debug|x64.Build.0 = Debug|Any CPU
		{AB8596C1-CFDA-4A5E-9E9C-74A3DF9AED77}.Debug|x86.ActiveCfg = Debug|Any CPU
		{AB8596C1-CFDA-4A5E-9E9C-74A3DF9AED77}.Debug|x86.Build.0 = Debug|Any CPU
		{AB8596C1-CFDA-4A5E-9E9C-74A3DF9AED77}.Release|Any CPU.ActiveCfg = Release|Any CPU
		{AB8596C1-CFDA-4A5E-9E9C-74A3DF9AED77}.Release|Any CPU.Build.0 = Release|Any CPU
		{AB8596C1-CFDA-4A5E-9E9C-74A3DF9AED77}.Release|x64.ActiveCfg = Release|Any CPU
		{AB8596C1-CFDA-4A5E-9E9C-74A3DF9AED77}.Release|x64.Build.0 = Release|Any CPU
		{AB8596C1-CFDA-4A5E-9E9C-74A3DF9AED77}.Release|x86.ActiveCfg = Release|Any CPU
		{AB8596C1-CFDA-4A5E-9E9C-74A3DF9AED77}.Release|x86.Build.0 = Release|Any CPU
		{6690361C-CCD8-42C4-A5CF-82D554B03A3D}.Debug|Any CPU.ActiveCfg = Debug|Any CPU
		{6690361C-CCD8-42C4-A5CF-82D554B03A3D}.Debug|Any CPU.Build.0 = Debug|Any CPU
		{6690361C-CCD8-42C4-A5CF-82D554B03A3D}.Debug|x64.ActiveCfg = Debug|Any CPU
		{6690361C-CCD8-42C4-A5CF-82D554B03A3D}.Debug|x64.Build.0 = Debug|Any CPU
		{6690361C-CCD8-42C4-A5CF-82D554B03A3D}.Debug|x86.ActiveCfg = Debug|Any CPU
		{6690361C-CCD8-42C4-A5CF-82D554B03A3D}.Debug|x86.Build.0 = Debug|Any CPU
		{6690361C-CCD8-42C4-A5CF-82D554B03A3D}.Release|Any CPU.ActiveCfg = Release|Any CPU
		{6690361C-CCD8-42C4-A5CF-82D554B03A3D}.Release|Any CPU.Build.0 = Release|Any CPU
		{6690361C-CCD8-42C4-A5CF-82D554B03A3D}.Release|x64.ActiveCfg = Release|Any CPU
		{6690361C-CCD8-42C4-A5CF-82D554B03A3D}.Release|x64.Build.0 = Release|Any CPU
		{6690361C-CCD8-42C4-A5CF-82D554B03A3D}.Release|x86.ActiveCfg = Release|Any CPU
		{6690361C-CCD8-42C4-A5CF-82D554B03A3D}.Release|x86.Build.0 = Release|Any CPU
		{4DDEEB10-A6B5-4A46-96C1-1B7276B61E08}.Debug|Any CPU.ActiveCfg = Debug|Any CPU
		{4DDEEB10-A6B5-4A46-96C1-1B7276B61E08}.Debug|x64.ActiveCfg = Debug|Any CPU
		{4DDEEB10-A6B5-4A46-96C1-1B7276B61E08}.Debug|x86.ActiveCfg = Debug|Any CPU
		{4DDEEB10-A6B5-4A46-96C1-1B7276B61E08}.Release|Any CPU.ActiveCfg = Release|Any CPU
		{4DDEEB10-A6B5-4A46-96C1-1B7276B61E08}.Release|x64.ActiveCfg = Release|Any CPU
		{4DDEEB10-A6B5-4A46-96C1-1B7276B61E08}.Release|x86.ActiveCfg = Release|Any CPU
		{E04DA938-E153-4A0D-9CB0-EAC38210FAF2}.Debug|Any CPU.ActiveCfg = Debug|Any CPU
		{E04DA938-E153-4A0D-9CB0-EAC38210FAF2}.Debug|Any CPU.Build.0 = Debug|Any CPU
		{E04DA938-E153-4A0D-9CB0-EAC38210FAF2}.Debug|x64.ActiveCfg = Debug|Any CPU
		{E04DA938-E153-4A0D-9CB0-EAC38210FAF2}.Debug|x64.Build.0 = Debug|Any CPU
		{E04DA938-E153-4A0D-9CB0-EAC38210FAF2}.Debug|x86.ActiveCfg = Debug|Any CPU
		{E04DA938-E153-4A0D-9CB0-EAC38210FAF2}.Debug|x86.Build.0 = Debug|Any CPU
		{E04DA938-E153-4A0D-9CB0-EAC38210FAF2}.Release|Any CPU.ActiveCfg = Release|Any CPU
		{E04DA938-E153-4A0D-9CB0-EAC38210FAF2}.Release|Any CPU.Build.0 = Release|Any CPU
		{E04DA938-E153-4A0D-9CB0-EAC38210FAF2}.Release|x64.ActiveCfg = Release|Any CPU
		{E04DA938-E153-4A0D-9CB0-EAC38210FAF2}.Release|x64.Build.0 = Release|Any CPU
		{E04DA938-E153-4A0D-9CB0-EAC38210FAF2}.Release|x86.ActiveCfg = Release|Any CPU
		{E04DA938-E153-4A0D-9CB0-EAC38210FAF2}.Release|x86.Build.0 = Release|Any CPU
		{E026D9FA-FBD5-4066-AF6A-FB63DE28521F}.Debug|Any CPU.ActiveCfg = Debug|Any CPU
		{E026D9FA-FBD5-4066-AF6A-FB63DE28521F}.Debug|Any CPU.Build.0 = Debug|Any CPU
		{E026D9FA-FBD5-4066-AF6A-FB63DE28521F}.Debug|x64.ActiveCfg = Debug|Any CPU
		{E026D9FA-FBD5-4066-AF6A-FB63DE28521F}.Debug|x64.Build.0 = Debug|Any CPU
		{E026D9FA-FBD5-4066-AF6A-FB63DE28521F}.Debug|x86.ActiveCfg = Debug|Any CPU
		{E026D9FA-FBD5-4066-AF6A-FB63DE28521F}.Debug|x86.Build.0 = Debug|Any CPU
		{E026D9FA-FBD5-4066-AF6A-FB63DE28521F}.Release|Any CPU.ActiveCfg = Release|Any CPU
		{E026D9FA-FBD5-4066-AF6A-FB63DE28521F}.Release|Any CPU.Build.0 = Release|Any CPU
		{E026D9FA-FBD5-4066-AF6A-FB63DE28521F}.Release|x64.ActiveCfg = Release|Any CPU
		{E026D9FA-FBD5-4066-AF6A-FB63DE28521F}.Release|x64.Build.0 = Release|Any CPU
		{E026D9FA-FBD5-4066-AF6A-FB63DE28521F}.Release|x86.ActiveCfg = Release|Any CPU
		{E026D9FA-FBD5-4066-AF6A-FB63DE28521F}.Release|x86.Build.0 = Release|Any CPU
		{C1AEDAE0-6629-4C88-AB35-AB5B81FD50F6}.Debug|Any CPU.ActiveCfg = Debug|Any CPU
		{C1AEDAE0-6629-4C88-AB35-AB5B81FD50F6}.Debug|Any CPU.Build.0 = Debug|Any CPU
		{C1AEDAE0-6629-4C88-AB35-AB5B81FD50F6}.Debug|x64.ActiveCfg = Debug|Any CPU
		{C1AEDAE0-6629-4C88-AB35-AB5B81FD50F6}.Debug|x64.Build.0 = Debug|Any CPU
		{C1AEDAE0-6629-4C88-AB35-AB5B81FD50F6}.Debug|x86.ActiveCfg = Debug|Any CPU
		{C1AEDAE0-6629-4C88-AB35-AB5B81FD50F6}.Debug|x86.Build.0 = Debug|Any CPU
		{C1AEDAE0-6629-4C88-AB35-AB5B81FD50F6}.Release|Any CPU.ActiveCfg = Release|Any CPU
		{C1AEDAE0-6629-4C88-AB35-AB5B81FD50F6}.Release|Any CPU.Build.0 = Release|Any CPU
		{C1AEDAE0-6629-4C88-AB35-AB5B81FD50F6}.Release|x64.ActiveCfg = Release|Any CPU
		{C1AEDAE0-6629-4C88-AB35-AB5B81FD50F6}.Release|x64.Build.0 = Release|Any CPU
		{C1AEDAE0-6629-4C88-AB35-AB5B81FD50F6}.Release|x86.ActiveCfg = Release|Any CPU
		{C1AEDAE0-6629-4C88-AB35-AB5B81FD50F6}.Release|x86.Build.0 = Release|Any CPU
		{6FCD22A7-E6DD-4452-8B0B-95A4D726AFA8}.Debug|Any CPU.ActiveCfg = Debug|Any CPU
		{6FCD22A7-E6DD-4452-8B0B-95A4D726AFA8}.Debug|Any CPU.Build.0 = Debug|Any CPU
		{6FCD22A7-E6DD-4452-8B0B-95A4D726AFA8}.Debug|x64.ActiveCfg = Debug|Any CPU
		{6FCD22A7-E6DD-4452-8B0B-95A4D726AFA8}.Debug|x64.Build.0 = Debug|Any CPU
		{6FCD22A7-E6DD-4452-8B0B-95A4D726AFA8}.Debug|x86.ActiveCfg = Debug|Any CPU
		{6FCD22A7-E6DD-4452-8B0B-95A4D726AFA8}.Debug|x86.Build.0 = Debug|Any CPU
		{6FCD22A7-E6DD-4452-8B0B-95A4D726AFA8}.Release|Any CPU.ActiveCfg = Release|Any CPU
		{6FCD22A7-E6DD-4452-8B0B-95A4D726AFA8}.Release|Any CPU.Build.0 = Release|Any CPU
		{6FCD22A7-E6DD-4452-8B0B-95A4D726AFA8}.Release|x64.ActiveCfg = Release|Any CPU
		{6FCD22A7-E6DD-4452-8B0B-95A4D726AFA8}.Release|x64.Build.0 = Release|Any CPU
		{6FCD22A7-E6DD-4452-8B0B-95A4D726AFA8}.Release|x86.ActiveCfg = Release|Any CPU
		{6FCD22A7-E6DD-4452-8B0B-95A4D726AFA8}.Release|x86.Build.0 = Release|Any CPU
		{8BBF3519-CE93-4213-9AA0-8F5DEF3C50B2}.Debug|Any CPU.ActiveCfg = Debug|Any CPU
		{8BBF3519-CE93-4213-9AA0-8F5DEF3C50B2}.Debug|Any CPU.Build.0 = Debug|Any CPU
		{8BBF3519-CE93-4213-9AA0-8F5DEF3C50B2}.Debug|x64.ActiveCfg = Debug|Any CPU
		{8BBF3519-CE93-4213-9AA0-8F5DEF3C50B2}.Debug|x64.Build.0 = Debug|Any CPU
		{8BBF3519-CE93-4213-9AA0-8F5DEF3C50B2}.Debug|x86.ActiveCfg = Debug|Any CPU
		{8BBF3519-CE93-4213-9AA0-8F5DEF3C50B2}.Debug|x86.Build.0 = Debug|Any CPU
		{8BBF3519-CE93-4213-9AA0-8F5DEF3C50B2}.Release|Any CPU.ActiveCfg = Release|Any CPU
		{8BBF3519-CE93-4213-9AA0-8F5DEF3C50B2}.Release|Any CPU.Build.0 = Release|Any CPU
		{8BBF3519-CE93-4213-9AA0-8F5DEF3C50B2}.Release|x64.ActiveCfg = Release|Any CPU
		{8BBF3519-CE93-4213-9AA0-8F5DEF3C50B2}.Release|x64.Build.0 = Release|Any CPU
		{8BBF3519-CE93-4213-9AA0-8F5DEF3C50B2}.Release|x86.ActiveCfg = Release|Any CPU
		{8BBF3519-CE93-4213-9AA0-8F5DEF3C50B2}.Release|x86.Build.0 = Release|Any CPU
		{ACEB118B-767E-459F-AFD3-A52ED4ED08C6}.Debug|Any CPU.ActiveCfg = Debug|Any CPU
		{ACEB118B-767E-459F-AFD3-A52ED4ED08C6}.Debug|Any CPU.Build.0 = Debug|Any CPU
		{ACEB118B-767E-459F-AFD3-A52ED4ED08C6}.Debug|x64.ActiveCfg = Debug|Any CPU
		{ACEB118B-767E-459F-AFD3-A52ED4ED08C6}.Debug|x64.Build.0 = Debug|Any CPU
		{ACEB118B-767E-459F-AFD3-A52ED4ED08C6}.Debug|x86.ActiveCfg = Debug|Any CPU
		{ACEB118B-767E-459F-AFD3-A52ED4ED08C6}.Debug|x86.Build.0 = Debug|Any CPU
		{ACEB118B-767E-459F-AFD3-A52ED4ED08C6}.Release|Any CPU.ActiveCfg = Release|Any CPU
		{ACEB118B-767E-459F-AFD3-A52ED4ED08C6}.Release|Any CPU.Build.0 = Release|Any CPU
		{ACEB118B-767E-459F-AFD3-A52ED4ED08C6}.Release|x64.ActiveCfg = Release|Any CPU
		{ACEB118B-767E-459F-AFD3-A52ED4ED08C6}.Release|x64.Build.0 = Release|Any CPU
		{ACEB118B-767E-459F-AFD3-A52ED4ED08C6}.Release|x86.ActiveCfg = Release|Any CPU
		{ACEB118B-767E-459F-AFD3-A52ED4ED08C6}.Release|x86.Build.0 = Release|Any CPU
		{D6181786-C7F1-400D-A678-8DC300485429}.Debug|Any CPU.ActiveCfg = Debug|Any CPU
		{D6181786-C7F1-400D-A678-8DC300485429}.Debug|Any CPU.Build.0 = Debug|Any CPU
		{D6181786-C7F1-400D-A678-8DC300485429}.Debug|x64.ActiveCfg = Debug|Any CPU
		{D6181786-C7F1-400D-A678-8DC300485429}.Debug|x64.Build.0 = Debug|Any CPU
		{D6181786-C7F1-400D-A678-8DC300485429}.Debug|x86.ActiveCfg = Debug|Any CPU
		{D6181786-C7F1-400D-A678-8DC300485429}.Debug|x86.Build.0 = Debug|Any CPU
		{D6181786-C7F1-400D-A678-8DC300485429}.Release|Any CPU.ActiveCfg = Release|Any CPU
		{D6181786-C7F1-400D-A678-8DC300485429}.Release|Any CPU.Build.0 = Release|Any CPU
		{D6181786-C7F1-400D-A678-8DC300485429}.Release|x64.ActiveCfg = Release|Any CPU
		{D6181786-C7F1-400D-A678-8DC300485429}.Release|x64.Build.0 = Release|Any CPU
		{D6181786-C7F1-400D-A678-8DC300485429}.Release|x86.ActiveCfg = Release|Any CPU
		{D6181786-C7F1-400D-A678-8DC300485429}.Release|x86.Build.0 = Release|Any CPU
		{6A63DAA1-463A-4F7E-B3FF-3B444F161DBD}.Debug|Any CPU.ActiveCfg = Debug|Any CPU
		{6A63DAA1-463A-4F7E-B3FF-3B444F161DBD}.Debug|Any CPU.Build.0 = Debug|Any CPU
		{6A63DAA1-463A-4F7E-B3FF-3B444F161DBD}.Debug|x64.ActiveCfg = Debug|Any CPU
		{6A63DAA1-463A-4F7E-B3FF-3B444F161DBD}.Debug|x64.Build.0 = Debug|Any CPU
		{6A63DAA1-463A-4F7E-B3FF-3B444F161DBD}.Debug|x86.ActiveCfg = Debug|Any CPU
		{6A63DAA1-463A-4F7E-B3FF-3B444F161DBD}.Debug|x86.Build.0 = Debug|Any CPU
		{6A63DAA1-463A-4F7E-B3FF-3B444F161DBD}.Release|Any CPU.ActiveCfg = Release|Any CPU
		{6A63DAA1-463A-4F7E-B3FF-3B444F161DBD}.Release|Any CPU.Build.0 = Release|Any CPU
		{6A63DAA1-463A-4F7E-B3FF-3B444F161DBD}.Release|x64.ActiveCfg = Release|Any CPU
		{6A63DAA1-463A-4F7E-B3FF-3B444F161DBD}.Release|x64.Build.0 = Release|Any CPU
		{6A63DAA1-463A-4F7E-B3FF-3B444F161DBD}.Release|x86.ActiveCfg = Release|Any CPU
		{6A63DAA1-463A-4F7E-B3FF-3B444F161DBD}.Release|x86.Build.0 = Release|Any CPU
		{119F5BAD-6A58-40EA-8E0A-666CADE3CAF8}.Debug|Any CPU.ActiveCfg = Debug|Any CPU
		{119F5BAD-6A58-40EA-8E0A-666CADE3CAF8}.Debug|Any CPU.Build.0 = Debug|Any CPU
		{119F5BAD-6A58-40EA-8E0A-666CADE3CAF8}.Debug|x64.ActiveCfg = Debug|Any CPU
		{119F5BAD-6A58-40EA-8E0A-666CADE3CAF8}.Debug|x64.Build.0 = Debug|Any CPU
		{119F5BAD-6A58-40EA-8E0A-666CADE3CAF8}.Debug|x86.ActiveCfg = Debug|Any CPU
		{119F5BAD-6A58-40EA-8E0A-666CADE3CAF8}.Debug|x86.Build.0 = Debug|Any CPU
		{119F5BAD-6A58-40EA-8E0A-666CADE3CAF8}.Release|Any CPU.ActiveCfg = Release|Any CPU
		{119F5BAD-6A58-40EA-8E0A-666CADE3CAF8}.Release|Any CPU.Build.0 = Release|Any CPU
		{119F5BAD-6A58-40EA-8E0A-666CADE3CAF8}.Release|x64.ActiveCfg = Release|Any CPU
		{119F5BAD-6A58-40EA-8E0A-666CADE3CAF8}.Release|x64.Build.0 = Release|Any CPU
		{119F5BAD-6A58-40EA-8E0A-666CADE3CAF8}.Release|x86.ActiveCfg = Release|Any CPU
		{119F5BAD-6A58-40EA-8E0A-666CADE3CAF8}.Release|x86.Build.0 = Release|Any CPU
		{28FCC3BC-A609-4400-9831-03741A24A89C}.Debug|Any CPU.ActiveCfg = Debug|Any CPU
		{28FCC3BC-A609-4400-9831-03741A24A89C}.Debug|Any CPU.Build.0 = Debug|Any CPU
		{28FCC3BC-A609-4400-9831-03741A24A89C}.Debug|x64.ActiveCfg = Debug|Any CPU
		{28FCC3BC-A609-4400-9831-03741A24A89C}.Debug|x64.Build.0 = Debug|Any CPU
		{28FCC3BC-A609-4400-9831-03741A24A89C}.Debug|x86.ActiveCfg = Debug|Any CPU
		{28FCC3BC-A609-4400-9831-03741A24A89C}.Debug|x86.Build.0 = Debug|Any CPU
		{28FCC3BC-A609-4400-9831-03741A24A89C}.Release|Any CPU.ActiveCfg = Release|Any CPU
		{28FCC3BC-A609-4400-9831-03741A24A89C}.Release|Any CPU.Build.0 = Release|Any CPU
		{28FCC3BC-A609-4400-9831-03741A24A89C}.Release|x64.ActiveCfg = Release|Any CPU
		{28FCC3BC-A609-4400-9831-03741A24A89C}.Release|x64.Build.0 = Release|Any CPU
		{28FCC3BC-A609-4400-9831-03741A24A89C}.Release|x86.ActiveCfg = Release|Any CPU
		{28FCC3BC-A609-4400-9831-03741A24A89C}.Release|x86.Build.0 = Release|Any CPU
	EndGlobalSection
	GlobalSection(SolutionProperties) = preSolution
		HideSolutionNode = FALSE
	EndGlobalSection
	GlobalSection(NestedProjects) = preSolution
		{91B6272F-5780-4C94-8071-DBBA7B4F67F3} = {9E5F0022-0A50-40BF-AC6A-C3078585ECAB}
		{C0C8D381-D6B9-4C76-9428-F40F2FA93A9A} = {9E5F0022-0A50-40BF-AC6A-C3078585ECAB}
		{12A213FD-12A3-406C-8284-E7EA0B180428} = {9E5F0022-0A50-40BF-AC6A-C3078585ECAB}
		{AB8596C1-CFDA-4A5E-9E9C-74A3DF9AED77} = {9E5F0022-0A50-40BF-AC6A-C3078585ECAB}
		{6690361C-CCD8-42C4-A5CF-82D554B03A3D} = {9E5F0022-0A50-40BF-AC6A-C3078585ECAB}
		{4DDEEB10-A6B5-4A46-96C1-1B7276B61E08} = {36004B32-55EB-4591-B6D2-B99DE373D0B8}
		{E04DA938-E153-4A0D-9CB0-EAC38210FAF2} = {9E5F0022-0A50-40BF-AC6A-C3078585ECAB}
		{E026D9FA-FBD5-4066-AF6A-FB63DE28521F} = {9E5F0022-0A50-40BF-AC6A-C3078585ECAB}
		{C1AEDAE0-6629-4C88-AB35-AB5B81FD50F6} = {9E5F0022-0A50-40BF-AC6A-C3078585ECAB}
		{6FCD22A7-E6DD-4452-8B0B-95A4D726AFA8} = {BAF8F246-3645-42AD-B1D0-0F7EAFBAB34A}
		{8BBF3519-CE93-4213-9AA0-8F5DEF3C50B2} = {BAF8F246-3645-42AD-B1D0-0F7EAFBAB34A}
		{ACEB118B-767E-459F-AFD3-A52ED4ED08C6} = {BAF8F246-3645-42AD-B1D0-0F7EAFBAB34A}
		{D6181786-C7F1-400D-A678-8DC300485429} = {00F4C92D-6652-4BD8-A334-B35D3E711BE6}
		{6A63DAA1-463A-4F7E-B3FF-3B444F161DBD} = {00F4C92D-6652-4BD8-A334-B35D3E711BE6}
		{119F5BAD-6A58-40EA-8E0A-666CADE3CAF8} = {00F4C92D-6652-4BD8-A334-B35D3E711BE6}
		{28FCC3BC-A609-4400-9831-03741A24A89C} = {9E5F0022-0A50-40BF-AC6A-C3078585ECAB}
	EndGlobalSection
	GlobalSection(ExtensibilityGlobals) = postSolution
		SolutionGuid = {160A1D00-1F5B-40F8-A155-621B4459D78F}
	EndGlobalSection
EndGlobal
