
Microsoft Visual Studio Solution File, Format Version 12.00
# Visual Studio Version 17
VisualStudioVersion = 17.8.34525.116
MinimumVisualStudioVersion = 10.0.40219.1
Project("{FAE04EC0-301F-11D3-BF4B-00C04F79EFBC}") = "OpenTelemetry.AutoInstrumentation", "OpenTelemetry.AutoInstrumentation\OpenTelemetry.AutoInstrumentation.csproj", "{A24636BB-B28A-4D2E-BAA8-345C526E6A48}"
EndProject
Global
	GlobalSection(SolutionConfigurationPlatforms) = preSolution
		Debug|Any CPU = Debug|Any CPU
		Release|Any CPU = Release|Any CPU
	EndGlobalSection
	GlobalSection(ProjectConfigurationPlatforms) = postSolution
		{A24636BB-B28A-4D2E-BAA8-345C526E6A48}.Debug|Any CPU.ActiveCfg = Debug|Any CPU
		{A24636BB-B28A-4D2E-BAA8-345C526E6A48}.Debug|Any CPU.Build.0 = Debug|Any CPU
		{A24636BB-B28A-4D2E-BAA8-345C526E6A48}.Release|Any CPU.ActiveCfg = Release|Any CPU
		{A24636BB-B28A-4D2E-BAA8-345C526E6A48}.Release|Any CPU.Build.0 = Release|Any CPU
	EndGlobalSection
	GlobalSection(SolutionProperties) = preSolution
		HideSolutionNode = FALSE
	EndGlobalSection
	GlobalSection(ExtensibilityGlobals) = postSolution
		SolutionGuid = {010D7220-DE3D-4632-B176-F51A657482A1}
	EndGlobalSection
EndGlobal
